<?xml version="1.0" encoding="utf-8"?>
<Project ToolsVersion="4.0" xmlns="http://schemas.microsoft.com/developer/msbuild/2003">
  <ItemGroup>
    <ApplicationDefinition Include="App.xaml" />
  </ItemGroup>
  <ItemGroup>
    <Page Include="MainWindow\MainWindow.xaml">
      <Filter>MainWindow</Filter>
    </Page>
  </ItemGroup>
  <ItemGroup>
    <Midl Include="MainWindow\MainWindow.idl">
      <Filter>MainWindow</Filter>
    </Midl>
    <Midl Include="Backend\TrackInfo.idl">
      <Filter>Backend</Filter>
    </Midl>
  </ItemGroup>
  <ItemGroup>
    <ClCompile Include="pch.cpp" />
    <ClCompile Include="$(GeneratedFilesDir)module.g.cpp" />
  </ItemGroup>
  <ItemGroup>
    <ClInclude Include="pch.h" />
  </ItemGroup>
  <ItemGroup>
    <Image Include="Assets\Wide310x150Logo.scale-200.png">
      <Filter>Assets</Filter>
    </Image>
    <Image Include="Assets\StoreLogo.png">
      <Filter>Assets</Filter>
    </Image>
    <Image Include="Assets\Square150x150Logo.scale-200.png">
      <Filter>Assets</Filter>
    </Image>
    <Image Include="Assets\Square44x44Logo.targetsize-24_altform-unplated.png">
      <Filter>Assets</Filter>
    </Image>
    <Image Include="Assets\Square44x44Logo.scale-200.png">
      <Filter>Assets</Filter>
    </Image>
    <Image Include="Assets\Square44x44Logo.png">
      <Filter>Assets</Filter>
    </Image>
    <Image Include="Assets\Square44x44Logo.targetsize-16.png">
      <Filter>Assets</Filter>
    </Image>
    <Image Include="Assets\Square44x44Logo.targetsize-16_altform-unplated.png">
      <Filter>Assets</Filter>
    </Image>
    <Image Include="Assets\Square44x44Logo.targetsize-20.png">
      <Filter>Assets</Filter>
    </Image>
    <Image Include="Assets\Square44x44Logo.targetsize-20_altform-unplated.png">
      <Filter>Assets</Filter>
    </Image>
    <Image Include="Assets\Square44x44Logo.targetsize-24.png">
      <Filter>Assets</Filter>
    </Image>
    <Image Include="Assets\Square44x44Logo.targetsize-30.png">
      <Filter>Assets</Filter>
    </Image>
    <Image Include="Assets\Square44x44Logo.targetsize-30_altform-unplated.png">
      <Filter>Assets</Filter>
    </Image>
    <Image Include="Assets\Square44x44Logo.targetsize-32.png">
      <Filter>Assets</Filter>
    </Image>
    <Image Include="Assets\Square44x44Logo.targetsize-32_altform-unplated.png">
      <Filter>Assets</Filter>
    </Image>
    <Image Include="Assets\Square44x44Logo.targetsize-36.png">
      <Filter>Assets</Filter>
    </Image>
    <Image Include="Assets\Square44x44Logo.targetsize-36_altform-unplated.png">
      <Filter>Assets</Filter>
    </Image>
    <Image Include="Assets\Square44x44Logo.targetsize-40.png">
      <Filter>Assets</Filter>
    </Image>
    <Image Include="Assets\Square44x44Logo.targetsize-40_altform-unplated.png">
      <Filter>Assets</Filter>
    </Image>
    <Image Include="Assets\Square44x44Logo.targetsize-44.png">
      <Filter>Assets</Filter>
    </Image>
    <Image Include="Assets\Square44x44Logo.targetsize-44_altform-unplated.png">
      <Filter>Assets</Filter>
    </Image>
    <Image Include="Assets\Square44x44Logo.targetsize-48.png">
      <Filter>Assets</Filter>
    </Image>
    <Image Include="Assets\Square44x44Logo.targetsize-48_altform-unplated.png">
      <Filter>Assets</Filter>
    </Image>
    <Image Include="Assets\Square44x44Logo.targetsize-256.png">
      <Filter>Assets</Filter>
    </Image>
    <Image Include="Assets\Square44x44Logo.targetsize-256_altform-unplated.png">
      <Filter>Assets</Filter>
    </Image>
    <Image Include="Assets\SplashScreen.scale-200.png">
      <Filter>Assets</Filter>
    </Image>
    <Image Include="Assets\LockScreenLogo.scale-200.png">
      <Filter>Assets</Filter>
    </Image>
    <Image Include="Assets\LibraryStripeOverlay.svg">
      <Filter>Assets</Filter>
    </Image>
  </ItemGroup>
  <ItemGroup>
    <Filter Include="Assets">
      <UniqueIdentifier>{f28e2c51-ba9f-4770-b6a7-3d222137b26c}</UniqueIdentifier>
    </Filter>
    <Filter Include="Backend">
      <UniqueIdentifier>{a1b2c3d4-1111-2222-3333-444455556666}</UniqueIdentifier>
    </Filter>
    <Filter Include="Frontend">
      <UniqueIdentifier>{a1b2c3d4-7777-8888-9999-aaaabbbbcccc}</UniqueIdentifier>
    </Filter>
    <Filter Include="MainWindow">
      <UniqueIdentifier>{c4d24f92-1d5b-47de-9bd7-c032ea5cb5b4}</UniqueIdentifier>
    </Filter>
    <Filter Include="Frontend\ViewModels">
      <UniqueIdentifier>{5f5a418c-94e7-4cde-9147-58fd65258557}</UniqueIdentifier>
    </Filter>
    <Filter Include="ThirdParty">
      <UniqueIdentifier>{0d887a27-37e0-49b1-98e8-688bbff07296}</UniqueIdentifier>
    </Filter>
    <Filter Include="ThirdParty\sqlite">
      <UniqueIdentifier>{93289764-4cf3-471b-bd63-af6b3f39ae8b}</UniqueIdentifier>
    </Filter>
    <Filter Include="XamlMetadata">
      <UniqueIdentifier>{15cc1d05-0164-4e84-b46d-f290df30da41}</UniqueIdentifier>
    </Filter>
    <Filter Include="Resources">
      <UniqueIdentifier>{54f2d2f5-3883-4c91-b540-e9b588ad9341}</UniqueIdentifier>
    </Filter>
  </ItemGroup>
  <ItemGroup>
    <ClInclude Include="MainWindow\MainWindow.xaml.h">
      <Filter>MainWindow</Filter>
    </ClInclude>
    <ClInclude Include="MainWindow\MainWindow.Internal.h">
      <Filter>MainWindow</Filter>
    </ClInclude>
    <ClInclude Include="Frontend\ViewModels\TrackViewModel.h">
      <Filter>Frontend\ViewModels</Filter>
    </ClInclude>
    <!-- Backend Headers -->
    <ClInclude Include="Backend\TrackInfo.h">
      <Filter>Backend</Filter>
    </ClInclude>
    <ClInclude Include="Backend\AudioPlayer.h">
      <Filter>Backend</Filter>
    </ClInclude>
    <ClInclude Include="Backend\PlaylistManager.h">
      <Filter>Backend</Filter>
    </ClInclude>
    <ClInclude Include="Backend\SettingsManager.h">
      <Filter>Backend</Filter>
    </ClInclude>
    <ClInclude Include="Backend\CredentialStore.h">
      <Filter>Backend</Filter>
    </ClInclude>
    <ClInclude Include="Backend\BuildConfig.h"><Filter>Backend</Filter></ClInclude>
    <ClInclude Include="Backend\Pkce.h"><Filter>Backend</Filter></ClInclude>
    <ClInclude Include="Backend\LoopbackCallback.h"><Filter>Backend</Filter></ClInclude>
    <ClInclude Include="Backend\AccountClient.h"><Filter>Backend</Filter></ClInclude>
    <ClInclude Include="Backend\AccountUrlPolicy.h"><Filter>Backend</Filter></ClInclude>
    <ClInclude Include="Backend\AccountSessionGateway.h"><Filter>Backend</Filter></ClInclude>
    <ClInclude Include="Backend\AccountSyncTransport.h"><Filter>Backend</Filter></ClInclude>
    <ClInclude Include="Backend\AccountSessionService.h"><Filter>Backend</Filter></ClInclude>
    <ClInclude Include="Backend\RemoteMusicService.h"><Filter>Backend</Filter></ClInclude>
    <ClInclude Include="Backend\AutoSyncPolicy.h"><Filter>Backend</Filter></ClInclude>
    <ClInclude Include="Backend\ProfileIdentity.h"><Filter>Backend</Filter></ClInclude>
    <ClInclude Include="Backend\MusicSyncService.h"><Filter>Backend</Filter></ClInclude>
    <ClInclude Include="Backend\UserDataOperationGate.h"><Filter>Backend</Filter></ClInclude>
    <ClInclude Include="Backend\CatalogModels.h"><Filter>Backend</Filter></ClInclude>
    <ClInclude Include="Backend\CatalogParser.h"><Filter>Backend</Filter></ClInclude>
    <ClInclude Include="Backend\CatalogPresentation.h"><Filter>Backend</Filter></ClInclude>
    <ClInclude Include="Backend\EmbeddedArtwork.h"><Filter>Backend</Filter></ClInclude>
    <ClInclude Include="Backend\PlaybackHistoryQualifier.h"><Filter>Backend</Filter></ClInclude>
    <ClInclude Include="Backend\HistoryImport.h"><Filter>Backend</Filter></ClInclude>
    <ClInclude Include="Backend\DatabaseEngine.h">
      <Filter>Backend</Filter>
    </ClInclude>
    <ClInclude Include="Backend\DatabaseEngine.Internal.h">
      <Filter>Backend</Filter>
    </ClInclude>
    <ClInclude Include="Backend\DatabaseAccountSchema.h">
      <Filter>Backend</Filter>
    </ClInclude>
    <ClInclude Include="Backend\LibraryGroupingSql.h">
      <Filter>Backend</Filter>
    </ClInclude>
    <ClInclude Include="Backend\ProviderClient.h">
      <Filter>Backend</Filter>
    </ClInclude>
    <ClInclude Include="Backend\ProviderHelpers.h">
      <Filter>Backend</Filter>
    </ClInclude>
    <ClInclude Include="Backend\DetailSortPolicy.h">
      <Filter>Backend</Filter>
    </ClInclude>
    <ClInclude Include="Backend\DownloadManager.h">
      <Filter>Backend</Filter>
    </ClInclude>
    <ClInclude Include="Backend\DownloadPolicy.h">
      <Filter>Backend</Filter>
    </ClInclude>
    <ClInclude Include="Backend\PlaylistSuggestionPolicy.h">
      <Filter>Backend</Filter>
    </ClInclude>
    <ClInclude Include="Backend\RecentSearchStore.h">
      <Filter>Backend</Filter>
    </ClInclude>
    <ClInclude Include="Backend\SearchFacetPolicy.h">
      <Filter>Backend</Filter>
    </ClInclude>
    <ClInclude Include="Backend\LyricsService.h">
      <Filter>Backend</Filter>
    </ClInclude>
    <ClInclude Include="ThirdParty\sqlite\sqlite3.h">
      <Filter>ThirdParty\sqlite</Filter>
    </ClInclude>
    <!-- Frontend Headers -->
    <ClInclude Include="Frontend\UIHelpers.h">
      <Filter>Frontend</Filter>
    </ClInclude>
    <ClInclude Include="Frontend\NavigationService.h">
      <Filter>Frontend</Filter>
    </ClInclude>
    <ClInclude Include="Frontend\RoundedCornerClip.h">
      <Filter>Frontend</Filter>
    </ClInclude>
    <ClInclude Include="Frontend\Skeleton.h">
      <Filter>Frontend</Filter>
    </ClInclude>
  </ItemGroup>
  <ItemGroup>
    <ClCompile Include="MainWindow\MainWindow.xaml.cpp">
      <Filter>MainWindow</Filter>
    </ClCompile>
    <ClCompile Include="MainWindow\MainWindow.Internal.cpp">
      <Filter>MainWindow</Filter>
    </ClCompile>
    <ClCompile Include="MainWindow\MainWindow.Home.cpp">
      <Filter>MainWindow</Filter>
    </ClCompile>
    <ClCompile Include="MainWindow\MainWindow.Browse.cpp">
      <Filter>MainWindow</Filter>
    </ClCompile>
    <ClCompile Include="MainWindow\MainWindow.Search.cpp">
      <Filter>MainWindow</Filter>
    </ClCompile>
    <ClCompile Include="MainWindow\MainWindow.Songs.cpp">
      <Filter>MainWindow</Filter>
    </ClCompile>
    <ClCompile Include="MainWindow\MainWindow.Discover.cpp">
      <Filter>MainWindow</Filter>
    </ClCompile>
    <ClCompile Include="MainWindow\MainWindow.Library.cpp">
      <Filter>MainWindow</Filter>
    </ClCompile>
    <ClCompile Include="MainWindow\MainWindow.LibraryHydration.cpp">
      <Filter>MainWindow</Filter>
    </ClCompile>
    <ClCompile Include="MainWindow\MainWindow.LibraryCollections.cpp">
      <Filter>MainWindow</Filter>
    </ClCompile>
    <ClCompile Include="MainWindow\MainWindow.LibraryDetail.cpp">
      <Filter>MainWindow</Filter>
    </ClCompile>
    <ClCompile Include="MainWindow\MainWindow.DetailToolbar.cpp">
      <Filter>MainWindow</Filter>
    </ClCompile>
    <ClCompile Include="MainWindow\MainWindow.Downloads.cpp">
      <Filter>MainWindow</Filter>
    </ClCompile>
    <ClCompile Include="MainWindow\MainWindow.LibraryMenus.cpp">
      <Filter>MainWindow</Filter>
    </ClCompile>
    <ClCompile Include="MainWindow\MainWindow.Settings.cpp">
      <Filter>MainWindow</Filter>
    </ClCompile>
    <ClCompile Include="MainWindow\MainWindow.ModeSetup.cpp">
      <Filter>MainWindow</Filter>
    </ClCompile>
    <ClCompile Include="MainWindow\MainWindow.TrackActions.cpp">
      <Filter>MainWindow</Filter>
    </ClCompile>
    <ClCompile Include="MainWindow\MainWindow.LibraryScan.cpp">
      <Filter>MainWindow</Filter>
    </ClCompile>
    <ClCompile Include="MainWindow\MainWindow.Playback.cpp">
      <Filter>MainWindow</Filter>
    </ClCompile>
    <ClCompile Include="MainWindow\MainWindow.Queue.cpp">
      <Filter>MainWindow</Filter>
    </ClCompile>
    <ClCompile Include="MainWindow\MainWindow.Cast.cpp">
      <Filter>MainWindow</Filter>
    </ClCompile>
    <ClCompile Include="MainWindow\MainWindow.Lyrics.cpp">
      <Filter>MainWindow</Filter>
    </ClCompile>
    <ClCompile Include="Frontend\ViewModels\TrackViewModel.cpp">
      <Filter>Frontend\ViewModels</Filter>
    </ClCompile>
    <ClCompile Include="XamlMetadata\XamlMetaDataProvider.Build.cpp">
      <Filter>XamlMetadata</Filter>
    </ClCompile>
    <!-- Backend Sources -->
    <ClCompile Include="Backend\AudioPlayer.cpp">
      <Filter>Backend</Filter>
    </ClCompile>
    <ClCompile Include="Backend\PlaylistManager.cpp">
      <Filter>Backend</Filter>
    </ClCompile>
    <ClCompile Include="Backend\SettingsManager.cpp">
      <Filter>Backend</Filter>
    </ClCompile>
    <ClCompile Include="Backend\CredentialStore.cpp">
      <Filter>Backend</Filter>
    </ClCompile>
    <ClCompile Include="Backend\Pkce.cpp"><Filter>Backend</Filter></ClCompile>
    <ClCompile Include="Backend\LoopbackCallback.cpp"><Filter>Backend</Filter></ClCompile>
    <ClCompile Include="Backend\AccountClient.cpp"><Filter>Backend</Filter></ClCompile>
    <ClCompile Include="Backend\AccountUrlPolicy.cpp"><Filter>Backend</Filter></ClCompile>
    <ClCompile Include="Backend\AccountSessionGateway.cpp"><Filter>Backend</Filter></ClCompile>
    <ClCompile Include="Backend\AccountSessionService.cpp"><Filter>Backend</Filter></ClCompile>
    <ClCompile Include="Backend\RemoteMusicService.cpp"><Filter>Backend</Filter></ClCompile>
    <ClCompile Include="Backend\AutoSyncPolicy.cpp"><Filter>Backend</Filter></ClCompile>
    <ClCompile Include="Backend\ProfileIdentity.cpp"><Filter>Backend</Filter></ClCompile>
    <ClCompile Include="Backend\HistoryImport.cpp"><Filter>Backend</Filter></ClCompile>
    <ClCompile Include="Backend\MusicSyncService.cpp"><Filter>Backend</Filter></ClCompile>
    <ClCompile Include="Backend\UserDataOperationGate.cpp"><Filter>Backend</Filter></ClCompile>
    <ClCompile Include="Backend\CatalogParser.cpp"><Filter>Backend</Filter></ClCompile>
    <ClCompile Include="Backend\CatalogPresentation.cpp"><Filter>Backend</Filter></ClCompile>
    <ClCompile Include="Backend\EmbeddedArtwork.cpp"><Filter>Backend</Filter></ClCompile>
    <ClCompile Include="Backend\DatabaseEngine.cpp">
      <Filter>Backend</Filter>
    </ClCompile>
    <ClCompile Include="Backend\DatabaseEngine.Internal.cpp">
      <Filter>Backend</Filter>
    </ClCompile>
    <ClCompile Include="Backend\DatabaseEngine.Schema.cpp">
      <Filter>Backend</Filter>
    </ClCompile>
    <ClCompile Include="Backend\DatabaseEngine.Tracks.cpp">
      <Filter>Backend</Filter>
    </ClCompile>
    <ClCompile Include="Backend\DatabaseEngine.Collections.cpp">
      <Filter>Backend</Filter>
    </ClCompile>
    <ClCompile Include="Backend\DatabaseEngine.Queries.cpp">
      <Filter>Backend</Filter>
    </ClCompile>
    <ClCompile Include="Backend\DatabaseEngine.Account.cpp">
      <Filter>Backend</Filter>
    </ClCompile>
    <ClCompile Include="Backend\ProviderClient.cpp">
      <Filter>Backend</Filter>
    </ClCompile>
    <ClCompile Include="Backend\ProviderHelpers.cpp">
      <Filter>Backend</Filter>
    </ClCompile>
    <ClCompile Include="Backend\DetailSortPolicy.cpp">
      <Filter>Backend</Filter>
    </ClCompile>
    <ClCompile Include="Backend\DownloadManager.cpp">
      <Filter>Backend</Filter>
    </ClCompile>
    <ClCompile Include="Backend\DownloadPolicy.cpp">
      <Filter>Backend</Filter>
    </ClCompile>
    <ClCompile Include="Backend\PlaylistSuggestionPolicy.cpp">
      <Filter>Backend</Filter>
    </ClCompile>
    <ClCompile Include="Backend\RecentSearchStore.cpp">
      <Filter>Backend</Filter>
    </ClCompile>
    <ClCompile Include="Backend\SearchFacetPolicy.cpp">
      <Filter>Backend</Filter>
    </ClCompile>
    <ClCompile Include="Backend\LyricsService.cpp">
      <Filter>Backend</Filter>
    </ClCompile>
    <ClCompile Include="ThirdParty\sqlite\sqlite3.c">
      <Filter>ThirdParty\sqlite</Filter>
    </ClCompile>
    <!-- Frontend Sources -->
    <ClCompile Include="Frontend\UIHelpers.cpp">
      <Filter>Frontend</Filter>
    </ClCompile>
    <ClCompile Include="Frontend\NavigationService.cpp">
      <Filter>Frontend</Filter>
    </ClCompile>
    <ClCompile Include="Frontend\RoundedCornerClip.cpp">
      <Filter>Frontend</Filter>
    </ClCompile>
    <ClCompile Include="Frontend\Skeleton.cpp">
      <Filter>Frontend</Filter>
    </ClCompile>
  </ItemGroup>
  <ItemGroup>
    <Text Include="readme.txt" />
  </ItemGroup>
  <ItemGroup>
    <Manifest Include="app.manifest" />
  </ItemGroup>
  <ItemGroup>
    <ResourceCompile Include="Resources\AppIcon.rc">
      <Filter>Resources</Filter>
    </ResourceCompile>
  </ItemGroup>
  <ItemGroup>
    <AppxManifest Include="Package.appxmanifest" />
  </ItemGroup>
  <ItemGroup>
    <None Include="packages.config" />
    <None Include="Assets\AppIcon.ico">
      <Filter>Assets</Filter>
    </None>
  </ItemGroup>
</Project>
